
Microsoft Visual Studio Solution File, Format Version 12.00
# Visual Studio Version 17
VisualStudioVersion = 17.8.34408.163
MinimumVisualStudioVersion = 10.0.40219.1
Project("{2150E333-8FDC-42A3-9474-1A3956D46DE8}") = "Frontend", "Frontend", "{0755C788-72E4-473E-B495-EDC692D6C396}"
EndProject
Project("{2150E333-8FDC-42A3-9474-1A3956D46DE8}") = "Backend", "Backend", "{47427F78-2C97-46A8-94EE-27A0604A5FAC}"
EndProject
Project("{9A19103F-16F7-4668-BE54-9A1E7A4F7556}") = "materialslist-backend", "..\materialslist-backend\materialslist-backend.csproj", "{29ADE9D2-709F-44CB-AAB3-D1B83A09535E}"
EndProject
Project("{9A19103F-16F7-4668-BE54-9A1E7A4F7556}") = "materialslist-ui", "..\materialslist-ui\materialslist-ui.csproj", "{5AFF434C-1ED2-4194-8D8A-D775D43AA355}"
EndProject
Project("{E53339B2-1760-4266-BCC7-CA923CBCF16C}") = "docker-compose", "docker-compose.dcproj", "{F680973F-1E54-490D-AD00-9B36044C9436}"
EndProject
Global
	GlobalSection(SolutionConfigurationPlatforms) = preSolution
		Debug|Any CPU = Debug|Any CPU
		Release|Any CPU = Release|Any CPU
	EndGlobalSection
	GlobalSection(ProjectConfigurationPlatforms) = postSolution
		{29ADE9D2-709F-44CB-AAB3-D1B83A09535E}.Debug|Any CPU.ActiveCfg = Debug|Any CPU
		{29ADE9D2-709F-44CB-AAB3-D1B83A09535E}.Debug|Any CPU.Build.0 = Debug|Any CPU
		{29ADE9D2-709F-44CB-AAB3-D1B83A09535E}.Release|Any CPU.ActiveCfg = Release|Any CPU
		{29ADE9D2-709F-44CB-AAB3-D1B83A09535E}.Release|Any CPU.Build.0 = Release|Any CPU
		{5AFF434C-1ED2-4194-8D8A-D775D43AA355}.Debug|Any CPU.ActiveCfg = Debug|Any CPU
		{5AFF434C-1ED2-4194-8D8A-D775D43AA355}.Debug|Any CPU.Build.0 = Debug|Any CPU
		{5AFF434C-1ED2-4194-8D8A-D775D43AA355}.Release|Any CPU.ActiveCfg = Release|Any CPU
		{5AFF434C-1ED2-4194-8D8A-D775D43AA355}.Release|Any CPU.Build.0 = Release|Any CPU
		{F680973F-1E54-490D-AD00-9B36044C9436}.Debug|Any CPU.ActiveCfg = Debug|Any CPU
		{F680973F-1E54-490D-AD00-9B36044C9436}.Debug|Any CPU.Build.0 = Debug|Any CPU
		{F680973F-1E54-490D-AD00-9B36044C9436}.Release|Any CPU.ActiveCfg = Release|Any CPU
		{F680973F-1E54-490D-AD00-9B36044C9436}.Release|Any CPU.Build.0 = Release|Any CPU
	EndGlobalSection
	GlobalSection(SolutionProperties) = preSolution
		HideSolutionNode = FALSE
	EndGlobalSection
	GlobalSection(NestedProjects) = preSolution
		{29ADE9D2-709F-44CB-AAB3-D1B83A09535E} = {47427F78-2C97-46A8-94EE-27A0604A5FAC}
		{5AFF434C-1ED2-4194-8D8A-D775D43AA355} = {0755C788-72E4-473E-B495-EDC692D6C396}
	EndGlobalSection
	GlobalSection(ExtensibilityGlobals) = postSolution
		SolutionGuid = {D7ED8AA3-1DC8-40BE-AE81-20216921A11F}
	EndGlobalSection
EndGlobal
